// !$*UTF8*$!
{
	archiveVersion = 1;
	classes = {
	};
	objectVersion = 46;
	objects = {

/* Begin PBXBuildFile section */
		7F4288BB1BB0EA36000C0E7A /* main.m in Sources */ = {isa = PBXBuildFile; fileRef = 7F4288BA1BB0EA36000C0E7A /* main.m */; };
		7F4288BE1BB0EA36000C0E7A /* AppDelegate.m in Sources */ = {isa = PBXBuildFile; fileRef = 7F4288BD1BB0EA36000C0E7A /* AppDelegate.m */; };
		7F4288C11BB0EA36000C0E7A /* ViewController.m in Sources */ = {isa = PBXBuildFile; fileRef = 7F4288C01BB0EA36000C0E7A /* ViewController.m */; };
		7F4288C41BB0EA36000C0E7A /* Main.storyboard in Resources */ = {isa = PBXBuildFile; fileRef = 7F4288C21BB0EA36000C0E7A /* Main.storyboard */; };
		7F4288C61BB0EA36000C0E7A /* Images.xcassets in Resources */ = {isa = PBXBuildFile; fileRef = 7F4288C51BB0EA36000C0E7A /* Images.xcassets */; };
		7F4288C91BB0EA36000C0E7A /* LaunchScreen.xib in Resources */ = {isa = PBXBuildFile; fileRef = 7F4288C71BB0EA36000C0E7A /* LaunchScreen.xib */; };
		7F4288D51BB0EA36000C0E7A /* HQChainableDataBaseTests.m in Sources */ = {isa = PBXBuildFile; fileRef = 7F4288D41BB0EA36000C0E7A /* HQChainableDataBaseTests.m */; };
		7F4288EA1BB0EA5F000C0E7A /* FMDatabase.m in Sources */ = {isa = PBXBuildFile; fileRef = 7F4288E01BB0EA5F000C0E7A /* FMDatabase.m */; };
		7F4288EB1BB0EA5F000C0E7A /* FMDatabaseAdditions.m in Sources */ = {isa = PBXBuildFile; fileRef = 7F4288E21BB0EA5F000C0E7A /* FMDatabaseAdditions.m */; };
		7F4288EC1BB0EA5F000C0E7A /* FMDatabasePool.m in Sources */ = {isa = PBXBuildFile; fileRef = 7F4288E41BB0EA5F000C0E7A /* FMDatabasePool.m */; };
		7F4288ED1BB0EA5F000C0E7A /* FMDatabaseQueue.m in Sources */ = {isa = PBXBuildFile; fileRef = 7F4288E61BB0EA5F000C0E7A /* FMDatabaseQueue.m */; };
		7F4288EE1BB0EA5F000C0E7A /* FMResultSet.m in Sources */ = {isa = PBXBuildFile; fileRef = 7F4288E91BB0EA5F000C0E7A /* FMResultSet.m */; };
		7F4288F11BB0EAF6000C0E7A /* libsqlite3.dylib in Frameworks */ = {isa = PBXBuildFile; fileRef = 7F4288F01BB0EAF6000C0E7A /* libsqlite3.dylib */; };
		7F4288F61BB0F130000C0E7A /* FMDatabase+HQChainableDB.m in Sources */ = {isa = PBXBuildFile; fileRef = 7F4288F51BB0F130000C0E7A /* FMDatabase+HQChainableDB.m */; };
/* End PBXBuildFile section */

/* Begin PBXContainerItemProxy section */
		7F4288CF1BB0EA36000C0E7A /* PBXContainerItemProxy */ = {
			isa = PBXContainerItemProxy;
			containerPortal = 7F4288AD1BB0EA36000C0E7A /* Project object */;
			proxyType = 1;
			remoteGlobalIDString = 7F4288B41BB0EA36000C0E7A;
			remoteInfo = HQChainableDataBase;
		};
/* End PBXContainerItemProxy section */

/* Begin PBXFileReference section */
		7F4288B51BB0EA36000C0E7A /* HQChainableDataBase.app */ = {isa = PBXFileReference; explicitFileType = wrapper.application; includeInIndex = 0; path = HQChainableDataBase.app; sourceTree = BUILT_PRODUCTS_DIR; };
		7F4288B91BB0EA36000C0E7A /* Info.plist */ = {isa = PBXFileReference; lastKnownFileType = text.plist.xml; path = Info.plist; sourceTree = "<group>"; };
		7F4288BA1BB0EA36000C0E7A /* main.m */ = {isa = PBXFileReference; lastKnownFileType = sourcecode.c.objc; path = main.m; sourceTree = "<group>"; };
		7F4288BC1BB0EA36000C0E7A /* AppDelegate.h */ = {isa = PBXFileReference; lastKnownFileType = sourcecode.c.h; path = AppDelegate.h; sourceTree = "<group>"; };
		7F4288BD1BB0EA36000C0E7A /* AppDelegate.m */ = {isa = PBXFileReference; lastKnownFileType = sourcecode.c.objc; path = AppDelegate.m; sourceTree = "<group>"; };
		7F4288BF1BB0EA36000C0E7A /* ViewController.h */ = {isa = PBXFileReference; lastKnownFileType = sourcecode.c.h; path = ViewController.h; sourceTree = "<group>"; };
		7F4288C01BB0EA36000C0E7A /* ViewController.m */ = {isa = PBXFileReference; lastKnownFileType = sourcecode.c.objc; path = ViewController.m; sourceTree = "<group>"; };
		7F4288C31BB0EA36000C0E7A /* Base */ = {isa = PBXFileReference; lastKnownFileType = file.storyboard; name = Base; path = Base.lproj/Main.storyboard; sourceTree = "<group>"; };
		7F4288C51BB0EA36000C0E7A /* Images.xcassets */ = {isa = PBXFileReference; lastKnownFileType = folder.assetcatalog; path = Images.xcassets; sourceTree = "<group>"; };
		7F4288C81BB0EA36000C0E7A /* Base */ = {isa = PBXFileReference; lastKnownFileType = file.xib; name = Base; path = Base.lproj/LaunchScreen.xib; sourceTree = "<group>"; };
		7F4288CE1BB0EA36000C0E7A /* HQChainableDataBaseTests.xctest */ = {isa = PBXFileReference; explicitFileType = wrapper.cfbundle; includeInIndex = 0; path = HQChainableDataBaseTests.xctest; sourceTree = BUILT_PRODUCTS_DIR; };
		7F4288D31BB0EA36000C0E7A /* Info.plist */ = {isa = PBXFileReference; lastKnownFileType = text.plist.xml; path = Info.plist; sourceTree = "<group>"; };
		7F4288D41BB0EA36000C0E7A /* HQChainableDataBaseTests.m */ = {isa = PBXFileReference; lastKnownFileType = sourcecode.c.objc; path = HQChainableDataBaseTests.m; sourceTree = "<group>"; };
		7F4288DF1BB0EA5F000C0E7A /* FMDatabase.h */ = {isa = PBXFileReference; fileEncoding = 4; lastKnownFileType = sourcecode.c.h; path = FMDatabase.h; sourceTree = "<group>"; };
		7F4288E01BB0EA5F000C0E7A /* FMDatabase.m */ = {isa = PBXFileReference; fileEncoding = 4; lastKnownFileType = sourcecode.c.objc; path = FMDatabase.m; sourceTree = "<group>"; };
		7F4288E11BB0EA5F000C0E7A /* FMDatabaseAdditions.h */ = {isa = PBXFileReference; fileEncoding = 4; lastKnownFileType = sourcecode.c.h; path = FMDatabaseAdditions.h; sourceTree = "<group>"; };
		7F4288E21BB0EA5F000C0E7A /* FMDatabaseAdditions.m */ = {isa = PBXFileReference; fileEncoding = 4; lastKnownFileType = sourcecode.c.objc; path = FMDatabaseAdditions.m; sourceTree = "<group>"; };
		7F4288E31BB0EA5F000C0E7A /* FMDatabasePool.h */ = {isa = PBXFileReference; fileEncoding = 4; lastKnownFileType = sourcecode.c.h; path = FMDatabasePool.h; sourceTree = "<group>"; };
		7F4288E41BB0EA5F000C0E7A /* FMDatabasePool.m */ = {isa = PBXFileReference; fileEncoding = 4; lastKnownFileType = sourcecode.c.objc; path = FMDatabasePool.m; sourceTree = "<group>"; };
		7F4288E51BB0EA5F000C0E7A /* FMDatabaseQueue.h */ = {isa = PBXFileReference; fileEncoding = 4; lastKnownFileType = sourcecode.c.h; path = FMDatabaseQueue.h; sourceTree = "<group>"; };
		7F4288E61BB0EA5F000C0E7A /* FMDatabaseQueue.m */ = {isa = PBXFileReference; fileEncoding = 4; lastKnownFileType = sourcecode.c.objc; path = FMDatabaseQueue.m; sourceTree = "<group>"; };
		7F4288E71BB0EA5F000C0E7A /* FMDB.h */ = {isa = PBXFileReference; fileEncoding = 4; lastKnownFileType = sourcecode.c.h; path = FMDB.h; sourceTree = "<group>"; };
		7F4288E81BB0EA5F000C0E7A /* FMResultSet.h */ = {isa = PBXFileReference; fileEncoding = 4; lastKnownFileType = sourcecode.c.h; path = FMResultSet.h; sourceTree = "<group>"; };
		7F4288E91BB0EA5F000C0E7A /* FMResultSet.m */ = {isa = PBXFileReference; fileEncoding = 4; lastKnownFileType = sourcecode.c.objc; path = FMResultSet.m; sourceTree = "<group>"; };
		7F4288F01BB0EAF6000C0E7A /* libsqlite3.dylib */ = {isa = PBXFileReference; lastKnownFileType = "compiled.mach-o.dylib"; name = libsqlite3.dylib; path = usr/lib/libsqlite3.dylib; sourceTree = SDKROOT; };
		7F4288F31BB0EC45000C0E7A /* HQChainableDBblocks.h */ = {isa = PBXFileReference; fileEncoding = 4; lastKnownFileType = sourcecode.c.h; path = HQChainableDBblocks.h; sourceTree = "<group>"; };
		7F4288F41BB0F130000C0E7A /* FMDatabase+HQChainableDB.h */ = {isa = PBXFileReference; fileEncoding = 4; lastKnownFileType = sourcecode.c.h; path = "FMDatabase+HQChainableDB.h"; sourceTree = "<group>"; };
		7F4288F51BB0F130000C0E7A /* FMDatabase+HQChainableDB.m */ = {isa = PBXFileReference; fileEncoding = 4; lastKnownFileType = sourcecode.c.objc; path = "FMDatabase+HQChainableDB.m"; sourceTree = "<group>"; };
/* End PBXFileReference section */

/* Begin PBXFrameworksBuildPhase section */
		7F4288B21BB0EA36000C0E7A /* Frameworks */ = {
			isa = PBXFrameworksBuildPhase;
			buildActionMask = 2147483647;
			files = (
				7F4288F11BB0EAF6000C0E7A /* libsqlite3.dylib in Frameworks */,
			);
			runOnlyForDeploymentPostprocessing = 0;
		};
		7F4288CB1BB0EA36000C0E7A /* Frameworks */ = {
			isa = PBXFrameworksBuildPhase;
			buildActionMask = 2147483647;
			files = (
			);
			runOnlyForDeploymentPostprocessing = 0;
		};
/* End PBXFrameworksBuildPhase section */

/* Begin PBXGroup section */
		7F4288AC1BB0EA36000C0E7A = {
			isa = PBXGroup;
			children = (
				7F4288B71BB0EA36000C0E7A /* HQChainableDataBase */,
				7F4288D11BB0EA36000C0E7A /* HQChainableDataBaseTests */,
				7F4288B61BB0EA36000C0E7A /* Products */,
			);
			sourceTree = "<group>";
		};
		7F4288B61BB0EA36000C0E7A /* Products */ = {
			isa = PBXGroup;
			children = (
				7F4288B51BB0EA36000C0E7A /* HQChainableDataBase.app */,
				7F4288CE1BB0EA36000C0E7A /* HQChainableDataBaseTests.xctest */,
			);
			name = Products;
			sourceTree = "<group>";
		};
		7F4288B71BB0EA36000C0E7A /* HQChainableDataBase */ = {
			isa = PBXGroup;
			children = (
				7F4288F01BB0EAF6000C0E7A /* libsqlite3.dylib */,
				7F4288EF1BB0EAA6000C0E7A /* HQChainableDB */,
				7F4288DE1BB0EA5F000C0E7A /* fmdb */,
				7F4288BC1BB0EA36000C0E7A /* AppDelegate.h */,
				7F4288BD1BB0EA36000C0E7A /* AppDelegate.m */,
				7F4288BF1BB0EA36000C0E7A /* ViewController.h */,
				7F4288C01BB0EA36000C0E7A /* ViewController.m */,
				7F4288C21BB0EA36000C0E7A /* Main.storyboard */,
				7F4288C51BB0EA36000C0E7A /* Images.xcassets */,
				7F4288C71BB0EA36000C0E7A /* LaunchScreen.xib */,
				7F4288B81BB0EA36000C0E7A /* Supporting Files */,
			);
			path = HQChainableDataBase;
			sourceTree = "<group>";
		};
		7F4288B81BB0EA36000C0E7A /* Supporting Files */ = {
			isa = PBXGroup;
			children = (
				7F4288B91BB0EA36000C0E7A /* Info.plist */,
				7F4288BA1BB0EA36000C0E7A /* main.m */,
			);
			name = "Supporting Files";
			sourceTree = "<group>";
		};
		7F4288D11BB0EA36000C0E7A /* HQChainableDataBaseTests */ = {
			isa = PBXGroup;
			children = (
				7F4288D41BB0EA36000C0E7A /* HQChainableDataBaseTests.m */,
				7F4288D21BB0EA36000C0E7A /* Supporting Files */,
			);
			path = HQChainableDataBaseTests;
			sourceTree = "<group>";
		};
		7F4288D21BB0EA36000C0E7A /* Supporting Files */ = {
			isa = PBXGroup;
			children = (
				7F4288D31BB0EA36000C0E7A /* Info.plist */,
			);
			name = "Supporting Files";
			sourceTree = "<group>";
		};
		7F4288DE1BB0EA5F000C0E7A /* fmdb */ = {
			isa = PBXGroup;
			children = (
				7F4288DF1BB0EA5F000C0E7A /* FMDatabase.h */,
				7F4288E01BB0EA5F000C0E7A /* FMDatabase.m */,
				7F4288E11BB0EA5F000C0E7A /* FMDatabaseAdditions.h */,
				7F4288E21BB0EA5F000C0E7A /* FMDatabaseAdditions.m */,
				7F4288E31BB0EA5F000C0E7A /* FMDatabasePool.h */,
				7F4288E41BB0EA5F000C0E7A /* FMDatabasePool.m */,
				7F4288E51BB0EA5F000C0E7A /* FMDatabaseQueue.h */,
				7F4288E61BB0EA5F000C0E7A /* FMDatabaseQueue.m */,
				7F4288E71BB0EA5F000C0E7A /* FMDB.h */,
				7F4288E81BB0EA5F000C0E7A /* FMResultSet.h */,
				7F4288E91BB0EA5F000C0E7A /* FMResultSet.m */,
			);
			path = fmdb;
			sourceTree = "<group>";
		};
		7F4288EF1BB0EAA6000C0E7A /* HQChainableDB */ = {
			isa = PBXGroup;
			children = (
				7F4288F31BB0EC45000C0E7A /* HQChainableDBblocks.h */,
				7F4288F41BB0F130000C0E7A /* FMDatabase+HQChainableDB.h */,
				7F4288F51BB0F130000C0E7A /* FMDatabase+HQChainableDB.m */,
			);
			path = HQChainableDB;
			sourceTree = "<group>";
		};
/* End PBXGroup section */

/* Begin PBXNativeTarget section */
		7F4288B41BB0EA36000C0E7A /* HQChainableDataBase */ = {
			isa = PBXNativeTarget;
			buildConfigurationList = 7F4288D81BB0EA36000C0E7A /* Build configuration list for PBXNativeTarget "HQChainableDataBase" */;
			buildPhases = (
				7F4288B11BB0EA36000C0E7A /* Sources */,
				7F4288B21BB0EA36000C0E7A /* Frameworks */,
				7F4288B31BB0EA36000C0E7A /* Resources */,
			);
			buildRules = (
			);
			dependencies = (
			);
			name = HQChainableDataBase;
			productName = HQChainableDataBase;
			productReference = 7F4288B51BB0EA36000C0E7A /* HQChainableDataBase.app */;
			productType = "com.apple.product-type.application";
		};
		7F4288CD1BB0EA36000C0E7A /* HQChainableDataBaseTests */ = {
			isa = PBXNativeTarget;
			buildConfigurationList = 7F4288DB1BB0EA36000C0E7A /* Build configuration list for PBXNativeTarget "HQChainableDataBaseTests" */;
			buildPhases = (
				7F4288CA1BB0EA36000C0E7A /* Sources */,
				7F4288CB1BB0EA36000C0E7A /* Frameworks */,
				7F4288CC1BB0EA36000C0E7A /* Resources */,
			);
			buildRules = (
			);
			dependencies = (
				7F4288D01BB0EA36000C0E7A /* PBXTargetDependency */,
			);
			name = HQChainableDataBaseTests;
			productName = HQChainableDataBaseTests;
			productReference = 7F4288CE1BB0EA36000C0E7A /* HQChainableDataBaseTests.xctest */;
			productType = "com.apple.product-type.bundle.unit-test";
		};
/* End PBXNativeTarget section */

/* Begin PBXProject section */
		7F4288AD1BB0EA36000C0E7A /* Project object */ = {
			isa = PBXProject;
			attributes = {
				LastUpgradeCheck = 0630;
				ORGANIZATIONNAME = qianhongqiang;
				TargetAttributes = {
					7F4288B41BB0EA36000C0E7A = {
						CreatedOnToolsVersion = 6.3.2;
					};
					7F4288CD1BB0EA36000C0E7A = {
						CreatedOnToolsVersion = 6.3.2;
						TestTargetID = 7F4288B41BB0EA36000C0E7A;
					};
				};
			};
			buildConfigurationList = 7F4288B01BB0EA36000C0E7A /* Build configuration list for PBXProject "HQChainableDataBase" */;
			compatibilityVersion = "Xcode 3.2";
			developmentRegion = English;
			hasScannedForEncodings = 0;
			knownRegions = (
				en,
				Base,
			);
			mainGroup = 7F4288AC1BB0EA36000C0E7A;
			productRefGroup = 7F4288B61BB0EA36000C0E7A /* Products */;
			projectDirPath = "";
			projectRoot = "";
			targets = (
				7F4288B41BB0EA36000C0E7A /* HQChainableDataBase */,
				7F4288CD1BB0EA36000C0E7A /* HQChainableDataBaseTests */,
			);
		};
/* End PBXProject section */

/* Begin PBXResourcesBuildPhase section */
		7F4288B31BB0EA36000C0E7A /* Resources */ = {
			isa = PBXResourcesBuildPhase;
			buildActionMask = 2147483647;
			files = (
				7F4288C41BB0EA36000C0E7A /* Main.storyboard in Resources */,
				7F4288C91BB0EA36000C0E7A /* LaunchScreen.xib in Resources */,
				7F4288C61BB0EA36000C0E7A /* Images.xcassets in Resources */,
			);
			runOnlyForDeploymentPostprocessing = 0;
		};
		7F4288CC1BB0EA36000C0E7A /* Resources */ = {
			isa = PBXResourcesBuildPhase;
			buildActionMask = 2147483647;
			files = (
			);
			runOnlyForDeploymentPostprocessing = 0;
		};
/* End PBXResourcesBuildPhase section */

/* Begin PBXSourcesBuildPhase section */
		7F4288B11BB0EA36000C0E7A /* Sources */ = {
			isa = PBXSourcesBuildPhase;
			buildActionMask = 2147483647;
			files = (
				7F4288C11BB0EA36000C0E7A /* ViewController.m in Sources */,
				7F4288EC1BB0EA5F000C0E7A /* FMDatabasePool.m in Sources */,
				7F4288BE1BB0EA36000C0E7A /* AppDelegate.m in Sources */,
				7F4288ED1BB0EA5F000C0E7A /* FMDatabaseQueue.m in Sources */,
				7F4288BB1BB0EA36000C0E7A /* main.m in Sources */,
				7F4288F61BB0F130000C0E7A /* FMDatabase+HQChainableDB.m in Sources */,
				7F4288EA1BB0EA5F000C0E7A /* FMDatabase.m in Sources */,
				7F4288EE1BB0EA5F000C0E7A /* FMResultSet.m in Sources */,
				7F4288EB1BB0EA5F000C0E7A /* FMDatabaseAdditions.m in Sources */,
			);
			runOnlyForDeploymentPostprocessing = 0;
		};
		7F4288CA1BB0EA36000C0E7A /* Sources */ = {
			isa = PBXSourcesBuildPhase;
			buildActionMask = 2147483647;
			files = (
				7F4288D51BB0EA36000C0E7A /* HQChainableDataBaseTests.m in Sources */,
			);
			runOnlyForDeploymentPostprocessing = 0;
		};
/* End PBXSourcesBuildPhase section */

/* Begin PBXTargetDependency section */
		7F4288D01BB0EA36000C0E7A /* PBXTargetDependency */ = {
			isa = PBXTargetDependency;
			target = 7F4288B41BB0EA36000C0E7A /* HQChainableDataBase */;
			targetProxy = 7F4288CF1BB0EA36000C0E7A /* PBXContainerItemProxy */;
		};
/* End PBXTargetDependency section */

/* Begin PBXVariantGroup section */
		7F4288C21BB0EA36000C0E7A /* Main.storyboard */ = {
			isa = PBXVariantGroup;
			children = (
				7F4288C31BB0EA36000C0E7A /* Base */,
			);
			name = Main.storyboard;
			sourceTree = "<group>";
		};
		7F4288C71BB0EA36000C0E7A /* LaunchScreen.xib */ = {
			isa = PBXVariantGroup;
			children = (
				7F4288C81BB0EA36000C0E7A /* Base */,
			);
			name = LaunchScreen.xib;
			sourceTree = "<group>";
		};
/* End PBXVariantGroup section */

/* Begin XCBuildConfiguration section */
		7F4288D61BB0EA36000C0E7A /* Debug */ = {
			isa = XCBuildConfiguration;
			buildSettings = {
				ALWAYS_SEARCH_USER_PATHS = NO;
				CLANG_CXX_LANGUAGE_STANDARD = "gnu++0x";
				CLANG_CXX_LIBRARY = "libc++";
				CLANG_ENABLE_MODULES = YES;
				CLANG_ENABLE_OBJC_ARC = YES;
				CLANG_WARN_BOOL_CONVERSION = YES;
				CLANG_WARN_CONSTANT_CONVERSION = YES;
				CLANG_WARN_DIRECT_OBJC_ISA_USAGE = YES_ERROR;
				CLANG_WARN_EMPTY_BODY = YES;
				CLANG_WARN_ENUM_CONVERSION = YES;
				CLANG_WARN_INT_CONVERSION = YES;
				CLANG_WARN_OBJC_ROOT_CLASS = YES_ERROR;
				CLANG_WARN_UNREACHABLE_CODE = YES;
				CLANG_WARN__DUPLICATE_METHOD_MATCH = YES;
				"CODE_SIGN_IDENTITY[sdk=iphoneos*]" = "iPhone Developer";
				COPY_PHASE_STRIP = NO;
				DEBUG_INFORMATION_FORMAT = "dwarf-with-dsym";
				ENABLE_STRICT_OBJC_MSGSEND = YES;
				GCC_C_LANGUAGE_STANDARD = gnu99;
				GCC_DYNAMIC_NO_PIC = NO;
				GCC_NO_COMMON_BLOCKS = YES;
				GCC_OPTIMIZATION_LEVEL = 0;
				GCC_PREPROCESSOR_DEFINITIONS = (
					"DEBUG=1",
					"$(inherited)",
				);
				GCC_SYMBOLS_PRIVATE_EXTERN = NO;
				GCC_WARN_64_TO_32_BIT_CONVERSION = YES;
				GCC_WARN_ABOUT_RETURN_TYPE = YES_ERROR;
				GCC_WARN_UNDECLARED_SELECTOR = YES;
				GCC_WARN_UNINITIALIZED_AUTOS = YES_AGGRESSIVE;
				GCC_WARN_UNUSED_FUNCTION = YES;
				GCC_WARN_UNUSED_VARIABLE = YES;
				IPHONEOS_DEPLOYMENT_TARGET = 8.3;
				MTL_ENABLE_DEBUG_INFO = YES;
				ONLY_ACTIVE_ARCH = YES;
				SDKROOT = iphoneos;
				TARGETED_DEVICE_FAMILY = "1,2";
			};
			name = Debug;
		};
		7F4288D71BB0EA36000C0E7A /* Release */ = {
			isa = XCBuildConfiguration;
			buildSettings = {
				ALWAYS_SEARCH_USER_PATHS = NO;
				CLANG_CXX_LANGUAGE_STANDARD = "gnu++0x";
				CLANG_CXX_LIBRARY = "libc++";
				CLANG_ENABLE_MODULES = YES;
				CLANG_ENABLE_OBJC_ARC = YES;
				CLANG_WARN_BOOL_CONVERSION = YES;
				CLANG_WARN_CONSTANT_CONVERSION = YES;
				CLANG_WARN_DIRECT_OBJC_ISA_USAGE = YES_ERROR;
				CLANG_WARN_EMPTY_BODY = YES;
				CLANG_WARN_ENUM_CONVERSION = YES;
				CLANG_WARN_INT_CONVERSION = YES;
				CLANG_WARN_OBJC_ROOT_CLASS = YES_ERROR;
				CLANG_WARN_UNREACHABLE_CODE = YES;
				CLANG_WARN__DUPLICATE_METHOD_MATCH = YES;
				"CODE_SIGN_IDENTITY[sdk=iphoneos*]" = "iPhone Developer";
				COPY_PHASE_STRIP = NO;
				DEBUG_INFORMATION_FORMAT = "dwarf-with-dsym";
				ENABLE_NS_ASSERTIONS = NO;
				ENABLE_STRICT_OBJC_MSGSEND = YES;
				GCC_C_LANGUAGE_STANDARD = gnu99;
				GCC_NO_COMMON_BLOCKS = YES;
				GCC_WARN_64_TO_32_BIT_CONVERSION = YES;
				GCC_WARN_ABOUT_RETURN_TYPE = YES_ERROR;
				GCC_WARN_UNDECLARED_SELECTOR = YES;
				GCC_WARN_UNINITIALIZED_AUTOS = YES_AGGRESSIVE;
				GCC_WARN_UNUSED_FUNCTION = YES;
				GCC_WARN_UNUSED_VARIABLE = YES;
				IPHONEOS_DEPLOYMENT_TARGET = 8.3;
				MTL_ENABLE_DEBUG_INFO = NO;
				SDKROOT = iphoneos;
				TARGETED_DEVICE_FAMILY = "1,2";
				VALIDATE_PRODUCT = YES;
			};
			name = Release;
		};
		7F4288D91BB0EA36000C0E7A /* Debug */ = {
			isa = XCBuildConfiguration;
			buildSettings = {
				ASSETCATALOG_COMPILER_APPICON_NAME = AppIcon;
				INFOPLIST_FILE = HQChainableDataBase/Info.plist;
				LD_RUNPATH_SEARCH_PATHS = "$(inherited) @executable_path/Frameworks";
				PRODUCT_NAME = "$(TARGET_NAME)";
			};
			name = Debug;
		};
		7F4288DA1BB0EA36000C0E7A /* Release */ = {
			isa = XCBuildConfiguration;
			buildSettings = {
				ASSETCATALOG_COMPILER_APPICON_NAME = AppIcon;
				INFOPLIST_FILE = HQChainableDataBase/Info.plist;
				LD_RUNPATH_SEARCH_PATHS = "$(inherited) @executable_path/Frameworks";
				PRODUCT_NAME = "$(TARGET_NAME)";
			};
			name = Release;
		};
		7F4288DC1BB0EA36000C0E7A /* Debug */ = {
			isa = XCBuildConfiguration;
			buildSettings = {
				BUNDLE_LOADER = "$(TEST_HOST)";
				FRAMEWORK_SEARCH_PATHS = (
					"$(SDKROOT)/Developer/Library/Frameworks",
					"$(inherited)",
				);
				GCC_PREPROCESSOR_DEFINITIONS = (
					"DEBUG=1",
					"$(inherited)",
				);
				INFOPLIST_FILE = HQChainableDataBaseTests/Info.plist;
				LD_RUNPATH_SEARCH_PATHS = "$(inherited) @executable_path/Frameworks @loader_path/Frameworks";
				PRODUCT_NAME = "$(TARGET_NAME)";
				TEST_HOST = "$(BUILT_PRODUCTS_DIR)/HQChainableDataBase.app/HQChainableDataBase";
			};
			name = Debug;
		};
		7F4288DD1BB0EA36000C0E7A /* Release */ = {
			isa = XCBuildConfiguration;
			buildSettings = {
				BUNDLE_LOADER = "$(TEST_HOST)";
				FRAMEWORK_SEARCH_PATHS = (
					"$(SDKROOT)/Developer/Library/Frameworks",
					"$(inherited)",
				);
				INFOPLIST_FILE = HQChainableDataBaseTests/Info.plist;
				LD_RUNPATH_SEARCH_PATHS = "$(inherited) @executable_path/Frameworks @loader_path/Frameworks";
				PRODUCT_NAME = "$(TARGET_NAME)";
				TEST_HOST = "$(BUILT_PRODUCTS_DIR)/HQChainableDataBase.app/HQChainableDataBase";
			};
			name = Release;
		};
/* End XCBuildConfiguration section */

/* Begin XCConfigurationList section */
		7F4288B01BB0EA36000C0E7A /* Build configuration list for PBXProject "HQChainableDataBase" */ = {
			isa = XCConfigurationList;
			buildConfigurations = (
				7F4288D61BB0EA36000C0E7A /* Debug */,
				7F4288D71BB0EA36000C0E7A /* Release */,
			);
			defaultConfigurationIsVisible = 0;
			defaultConfigurationName = Release;
		};
		7F4288D81BB0EA36000C0E7A /* Build configuration list for PBXNativeTarget "HQChainableDataBase" */ = {
			isa = XCConfigurationList;
			buildConfigurations = (
				7F4288D91BB0EA36000C0E7A /* Debug */,
				7F4288DA1BB0EA36000C0E7A /* Release */,
			);
			defaultConfigurationIsVisible = 0;
		};
		7F4288DB1BB0EA36000C0E7A /* Build configuration list for PBXNativeTarget "HQChainableDataBaseTests" */ = {
			isa = XCConfigurationList;
			buildConfigurations = (
				7F4288DC1BB0EA36000C0E7A /* Debug */,
				7F4288DD1BB0EA36000C0E7A /* Release */,
			);
			defaultConfigurationIsVisible = 0;
		};
/* End XCConfigurationList section */
	};
	rootObject = 7F4288AD1BB0EA36000C0E7A /* Project object */;
}
